
Microsoft Visual Studio Solution File, Format Version 12.00
# Visual Studio Version 17
VisualStudioVersion = 17.4.33122.133
MinimumVisualStudioVersion = 10.0.40219.1
Project("{9A19103F-16F7-4668-BE54-9A1E7A4F7556}") = "ToDoListAPI", "\ToDoListAPI\ToDoListAPI.csproj", "{FDEE5957-4A6B-4064-BE32-392D1D590A4C}"
EndProject
Project("{9A19103F-16F7-4668-BE54-9A1E7A4F7556}") = "ToDoListAPI.Tests", "\ToDoListAPI\ToDoListAPI.Tests\ToDoListAPI.Tests.csproj", "{0A35D4B8-30AB-4EB5-9A62-62EF7738AD15}"
EndProject
Global
	GlobalSection(SolutionConfigurationPlatforms) = preSolution
		Debug|Any CPU = Debug|Any CPU
		Release|Any CPU = Release|Any CPU
	EndGlobalSection
	GlobalSection(ProjectConfigurationPlatforms) = postSolution
		{FDEE5957-4A6B-4064-BE32-392D1D590A4C}.Debug|Any CPU.ActiveCfg = Debug|Any CPU
		{FDEE5957-4A6B-4064-BE32-392D1D590A4C}.Debug|Any CPU.Build.0 = Debug|Any CPU
		{FDEE5957-4A6B-4064-BE32-392D1D590A4C}.Release|Any CPU.ActiveCfg = Release|Any CPU
		{FDEE5957-4A6B-4064-BE32-392D1D590A4C}.Release|Any CPU.Build.0 = Release|Any CPU
		{0A35D4B8-30AB-4EB5-9A62-62EF7738AD15}.Debug|Any CPU.ActiveCfg = Debug|Any CPU
		{0A35D4B8-30AB-4EB5-9A62-62EF7738AD15}.Debug|Any CPU.Build.0 = Debug|Any CPU
		{0A35D4B8-30AB-4EB5-9A62-62EF7738AD15}.Release|Any CPU.ActiveCfg = Release|Any CPU
		{0A35D4B8-30AB-4EB5-9A62-62EF7738AD15}.Release|Any CPU.Build.0 = Release|Any CPU
	EndGlobalSection
	GlobalSection(SolutionProperties) = preSolution
		HideSolutionNode = FALSE
	EndGlobalSection
	GlobalSection(ExtensibilityGlobals) = postSolution
		SolutionGuid = {1DCC88ED-F8D6-4B83-B2B1-FF383355EC65}
	EndGlobalSection
EndGlobal
